
Microsoft Visual Studio Solution File, Format Version 12.00
# Visual Studio Version 17
VisualStudioVersion = 17.5.33502.453
MinimumVisualStudioVersion = 10.0.40219.1
Project("{FAE04EC0-301F-11D3-BF4B-00C04F79EFBC}") = "SapleWebapp", "SapleWebapp\SapleWebapp.csproj", "{ACEFE3C3-2154-4D5D-B736-21B9499C2082}"
EndProject
Global
	GlobalSection(SolutionConfigurationPlatforms) = preSolution
		Debug|Any CPU = Debug|Any CPU
		Release|Any CPU = Release|Any CPU
	EndGlobalSection
	GlobalSection(ProjectConfigurationPlatforms) = postSolution
		{ACEFE3C3-2154-4D5D-B736-21B9499C2082}.Debug|Any CPU.ActiveCfg = Debug|Any CPU
		{ACEFE3C3-2154-4D5D-B736-21B9499C2082}.Debug|Any CPU.Build.0 = Debug|Any CPU
		{ACEFE3C3-2154-4D5D-B736-21B9499C2082}.Release|Any CPU.ActiveCfg = Release|Any CPU
		{ACEFE3C3-2154-4D5D-B736-21B9499C2082}.Release|Any CPU.Build.0 = Release|Any CPU
	EndGlobalSection
	GlobalSection(SolutionProperties) = preSolution
		HideSolutionNode = FALSE
	EndGlobalSection
	GlobalSection(ExtensibilityGlobals) = postSolution
		SolutionGuid = {FA8C2488-968B-45AD-9890-0A5C5F1959FD}
	EndGlobalSection
EndGlobal
